
Microsoft Visual Studio Solution File, Format Version 12.00
# Visual Studio 15
VisualStudioVersion = 15.0.28307.572
MinimumVisualStudioVersion = 10.0.40219.1
Project("{FAE04EC0-301F-11D3-BF4B-00C04F79EFBC}") = "DirectoryWatcher.PL.WPF", "DirectoryWatcher.PL.WPF\DirectoryWatcher.PL.WPF.csproj", "{77641C81-EAD2-45F3-924D-0BBDC2C43B96}"
EndProject
Project("{FAE04EC0-301F-11D3-BF4B-00C04F79EFBC}") = "DirectoryWatcher.BLL", "DirectoryWatcher.BLL\DirectoryWatcher.BLL.csproj", "{BEDD38E6-060D-4086-9D6C-71176D3B6885}"
EndProject
Project("{FAE04EC0-301F-11D3-BF4B-00C04F79EFBC}") = "DirectoryWather.PL.Console", "DirectoryWather.PL.Console\DirectoryWather.PL.Console.csproj", "{30B8AF5E-A096-49FF-845E-DBBA2B456955}"
EndProject
Global
	GlobalSection(SolutionConfigurationPlatforms) = preSolution
		Debug|Any CPU = Debug|Any CPU
		Release|Any CPU = Release|Any CPU
	EndGlobalSection
	GlobalSection(ProjectConfigurationPlatforms) = postSolution
		{77641C81-EAD2-45F3-924D-0BBDC2C43B96}.Debug|Any CPU.ActiveCfg = Debug|Any CPU
		{77641C81-EAD2-45F3-924D-0BBDC2C43B96}.Debug|Any CPU.Build.0 = Debug|Any CPU
		{77641C81-EAD2-45F3-924D-0BBDC2C43B96}.Release|Any CPU.ActiveCfg = Release|Any CPU
		{77641C81-EAD2-45F3-924D-0BBDC2C43B96}.Release|Any CPU.Build.0 = Release|Any CPU
		{BEDD38E6-060D-4086-9D6C-71176D3B6885}.Debug|Any CPU.ActiveCfg = Debug|Any CPU
		{BEDD38E6-060D-4086-9D6C-71176D3B6885}.Debug|Any CPU.Build.0 = Debug|Any CPU
		{BEDD38E6-060D-4086-9D6C-71176D3B6885}.Release|Any CPU.ActiveCfg = Release|Any CPU
		{BEDD38E6-060D-4086-9D6C-71176D3B6885}.Release|Any CPU.Build.0 = Release|Any CPU
		{30B8AF5E-A096-49FF-845E-DBBA2B456955}.Debug|Any CPU.ActiveCfg = Debug|Any CPU
		{30B8AF5E-A096-49FF-845E-DBBA2B456955}.Debug|Any CPU.Build.0 = Debug|Any CPU
		{30B8AF5E-A096-49FF-845E-DBBA2B456955}.Release|Any CPU.ActiveCfg = Release|Any CPU
		{30B8AF5E-A096-49FF-845E-DBBA2B456955}.Release|Any CPU.Build.0 = Release|Any CPU
	EndGlobalSection
	GlobalSection(SolutionProperties) = preSolution
		HideSolutionNode = FALSE
	EndGlobalSection
	GlobalSection(ExtensibilityGlobals) = postSolution
		SolutionGuid = {5290AD93-F164-45B3-845A-1EF4023D6491}
	EndGlobalSection
EndGlobal
